
Microsoft Visual Studio Solution File, Format Version 12.00
# Visual Studio 14
VisualStudioVersion = 14.0.25420.1
MinimumVisualStudioVersion = 10.0.40219.1
Project("{FAE04EC0-301F-11D3-BF4B-00C04F79EFBC}") = "DXCharts.Controls", "DXCharts.Controls\DXCharts.Controls.csproj", "{1E855227-2660-4B1A-9CF0-86C0F447E257}"
EndProject
Project("{FAE04EC0-301F-11D3-BF4B-00C04F79EFBC}") = "TestApp", "TestApp\TestApp.csproj", "{1A2E2808-22CA-415D-A723-1969522BBDFF}"
EndProject
Global
	GlobalSection(SolutionConfigurationPlatforms) = preSolution
		Debug|Any CPU = Debug|Any CPU
		Debug|ARM = Debug|ARM
		Debug|x64 = Debug|x64
		Debug|x86 = Debug|x86
		Release|Any CPU = Release|Any CPU
		Release|ARM = Release|ARM
		Release|x64 = Release|x64
		Release|x86 = Release|x86
	EndGlobalSection
	GlobalSection(ProjectConfigurationPlatforms) = postSolution
		{1E855227-2660-4B1A-9CF0-86C0F447E257}.Debug|Any CPU.ActiveCfg = Debug|Any CPU
		{1E855227-2660-4B1A-9CF0-86C0F447E257}.Debug|Any CPU.Build.0 = Debug|Any CPU
		{1E855227-2660-4B1A-9CF0-86C0F447E257}.Debug|ARM.ActiveCfg = Debug|ARM
		{1E855227-2660-4B1A-9CF0-86C0F447E257}.Debug|ARM.Build.0 = Debug|ARM
		{1E855227-2660-4B1A-9CF0-86C0F447E257}.Debug|x64.ActiveCfg = Debug|x64
		{1E855227-2660-4B1A-9CF0-86C0F447E257}.Debug|x64.Build.0 = Debug|x64
		{1E855227-2660-4B1A-9CF0-86C0F447E257}.Debug|x86.ActiveCfg = Debug|x86
		{1E855227-2660-4B1A-9CF0-86C0F447E257}.Debug|x86.Build.0 = Debug|x86
		{1E855227-2660-4B1A-9CF0-86C0F447E257}.Release|Any CPU.ActiveCfg = Release|Any CPU
		{1E855227-2660-4B1A-9CF0-86C0F447E257}.Release|Any CPU.Build.0 = Release|Any CPU
		{1E855227-2660-4B1A-9CF0-86C0F447E257}.Release|ARM.ActiveCfg = Release|ARM
		{1E855227-2660-4B1A-9CF0-86C0F447E257}.Release|ARM.Build.0 = Release|ARM
		{1E855227-2660-4B1A-9CF0-86C0F447E257}.Release|x64.ActiveCfg = Release|x64
		{1E855227-2660-4B1A-9CF0-86C0F447E257}.Release|x64.Build.0 = Release|x64
		{1E855227-2660-4B1A-9CF0-86C0F447E257}.Release|x86.ActiveCfg = Release|x86
		{1E855227-2660-4B1A-9CF0-86C0F447E257}.Release|x86.Build.0 = Release|x86
		{1A2E2808-22CA-415D-A723-1969522BBDFF}.Debug|Any CPU.ActiveCfg = Debug|x86
		{1A2E2808-22CA-415D-A723-1969522BBDFF}.Debug|ARM.ActiveCfg = Debug|ARM
		{1A2E2808-22CA-415D-A723-1969522BBDFF}.Debug|ARM.Build.0 = Debug|ARM
		{1A2E2808-22CA-415D-A723-1969522BBDFF}.Debug|ARM.Deploy.0 = Debug|ARM
		{1A2E2808-22CA-415D-A723-1969522BBDFF}.Debug|x64.ActiveCfg = Debug|x64
		{1A2E2808-22CA-415D-A723-1969522BBDFF}.Debug|x64.Build.0 = Debug|x64
		{1A2E2808-22CA-415D-A723-1969522BBDFF}.Debug|x64.Deploy.0 = Debug|x64
		{1A2E2808-22CA-415D-A723-1969522BBDFF}.Debug|x86.ActiveCfg = Debug|x86
		{1A2E2808-22CA-415D-A723-1969522BBDFF}.Debug|x86.Build.0 = Debug|x86
		{1A2E2808-22CA-415D-A723-1969522BBDFF}.Debug|x86.Deploy.0 = Debug|x86
		{1A2E2808-22CA-415D-A723-1969522BBDFF}.Release|Any CPU.ActiveCfg = Release|x86
		{1A2E2808-22CA-415D-A723-1969522BBDFF}.Release|ARM.ActiveCfg = Release|ARM
		{1A2E2808-22CA-415D-A723-1969522BBDFF}.Release|ARM.Build.0 = Release|ARM
		{1A2E2808-22CA-415D-A723-1969522BBDFF}.Release|ARM.Deploy.0 = Release|ARM
		{1A2E2808-22CA-415D-A723-1969522BBDFF}.Release|x64.ActiveCfg = Release|x64
		{1A2E2808-22CA-415D-A723-1969522BBDFF}.Release|x64.Build.0 = Release|x64
		{1A2E2808-22CA-415D-A723-1969522BBDFF}.Release|x64.Deploy.0 = Release|x64
		{1A2E2808-22CA-415D-A723-1969522BBDFF}.Release|x86.ActiveCfg = Release|x86
		{1A2E2808-22CA-415D-A723-1969522BBDFF}.Release|x86.Build.0 = Release|x86
		{1A2E2808-22CA-415D-A723-1969522BBDFF}.Release|x86.Deploy.0 = Release|x86
	EndGlobalSection
	GlobalSection(SolutionProperties) = preSolution
		HideSolutionNode = FALSE
	EndGlobalSection
EndGlobal
